{
  "name": "speedometer",
  "version": "1.1.0",
  "lockfileVersion": 3,
  "requires": true,
  "packages": {
    "": {
      "name": "speedometer",
      "version": "1.1.0",
      "license": "MIT",
      "devDependencies": {
        "prettier": "^3.6.2",
        "prettier-config-holepunch": "^1.0.0"
      }
    },
    "node_modules/prettier": {
      "version": "3.6.2",
      "resolved": "https://registry.npmjs.org/prettier/-/prettier-3.6.2.tgz",
      "integrity": "sha512-I7AIg5boAr5R0FFtJ6rCfD+LFsWHp81dolrFD8S79U9tb8Az2nGrJncnMSnys+bpQJfRUzqs9hnA81OAA3hCuQ==",
      "dev": true,
      "license": "MIT",
      "peer": true,
      "bin": {
        "prettier": "bin/prettier.cjs"
      },
      "engines": {
        "node": ">=14"
      },
      "funding": {
        "url": "https://github.com/prettier/prettier?sponsor=1"
      }
    },
    "node_modules/prettier-config-holepunch": {
      "version": "1.0.0",
      "resolved": "https://registry.npmjs.org/prettier-config-holepunch/-/prettier-config-holepunch-1.0.0.tgz",
      "integrity": "sha512-9WDWlUxFkdWp+m/iSS6HE7xrh21Xb+iqTx1G5e4FRg7nRoaeGb1WMqGDzjOx68gRG9d7wr+XepHZWjFdF4FBPw==",
      "dev": true,
      "license": "Apache-2.0",
      "peerDependencies": {
        "prettier": "^3.6.2"
      }
    }
  }
}
